Microsoft Visual Studio Solution File, Format Version 10.00
# Visual Studio 2008
Project("{8BC9CEB8-8B4A-11D0-8D11-00A0C91BC942}") = "docline", "docline.vcproj", "{B4D4430C-14ED-445B-8063-99BD709E1EC6}"
EndProject
Project("{8BC9CEB8-8B4A-11D0-8D11-00A0C91BC942}") = "publishutil", "..\publishutil\c\publishutil.vcproj", "{E13EA7E7-6770-43AE-B572-E949727DE698}"
EndProject
Global
	GlobalSection(DPCodeReviewSolutionGUID) = preSolution
		DPCodeReviewSolutionGUID = {00000000-0000-0000-0000-000000000000}
	EndGlobalSection
	GlobalSection(SolutionConfigurationPlatforms) = preSolution
		Debug|Win32 = Debug|Win32
		NewDebug|Win32 = NewDebug|Win32
		NewRelease|Win32 = NewRelease|Win32
		rdebug|Win32 = rdebug|Win32
		Release|Win32 = Release|Win32
	EndGlobalSection
	GlobalSection(ProjectConfigurationPlatforms) = postSolution
		{B4D4430C-14ED-445B-8063-99BD709E1EC6}.Debug|Win32.ActiveCfg = Debug|Win32
		{B4D4430C-14ED-445B-8063-99BD709E1EC6}.Debug|Win32.Build.0 = Debug|Win32
		{B4D4430C-14ED-445B-8063-99BD709E1EC6}.NewDebug|Win32.ActiveCfg = NewDebug|Win32
		{B4D4430C-14ED-445B-8063-99BD709E1EC6}.NewDebug|Win32.Build.0 = NewDebug|Win32
		{B4D4430C-14ED-445B-8063-99BD709E1EC6}.NewRelease|Win32.ActiveCfg = NewRelease|Win32
		{B4D4430C-14ED-445B-8063-99BD709E1EC6}.NewRelease|Win32.Build.0 = NewRelease|Win32
		{B4D4430C-14ED-445B-8063-99BD709E1EC6}.rdebug|Win32.ActiveCfg = rdebug|Win32
		{B4D4430C-14ED-445B-8063-99BD709E1EC6}.rdebug|Win32.Build.0 = rdebug|Win32
		{B4D4430C-14ED-445B-8063-99BD709E1EC6}.Release|Win32.ActiveCfg = Release|Win32
		{B4D4430C-14ED-445B-8063-99BD709E1EC6}.Release|Win32.Build.0 = Release|Win32
		{E13EA7E7-6770-43AE-B572-E949727DE698}.Debug|Win32.ActiveCfg = Debug|Win32
		{E13EA7E7-6770-43AE-B572-E949727DE698}.Debug|Win32.Build.0 = Debug|Win32
		{E13EA7E7-6770-43AE-B572-E949727DE698}.NewDebug|Win32.ActiveCfg = Debug|Win32
		{E13EA7E7-6770-43AE-B572-E949727DE698}.NewDebug|Win32.Build.0 = Debug|Win32
		{E13EA7E7-6770-43AE-B572-E949727DE698}.NewRelease|Win32.ActiveCfg = Release|Win32
		{E13EA7E7-6770-43AE-B572-E949727DE698}.NewRelease|Win32.Build.0 = Release|Win32
		{E13EA7E7-6770-43AE-B572-E949727DE698}.rdebug|Win32.ActiveCfg = Release|Win32
		{E13EA7E7-6770-43AE-B572-E949727DE698}.rdebug|Win32.Build.0 = Release|Win32
		{E13EA7E7-6770-43AE-B572-E949727DE698}.Release|Win32.ActiveCfg = Release|Win32
		{E13EA7E7-6770-43AE-B572-E949727DE698}.Release|Win32.Build.0 = Release|Win32
	EndGlobalSection
	GlobalSection(SolutionProperties) = preSolution
		HideSolutionNode = FALSE
	EndGlobalSection
EndGlobal
